
Microsoft Visual Studio Solution File, Format Version 12.00
# Visual Studio Version 16
VisualStudioVersion = 16.0.29519.87
MinimumVisualStudioVersion = 10.0.40219.1
Project("{9A19103F-16F7-4668-BE54-9A1E7A4F7556}") = "zadanie8", "zadanie8\zadanie8.csproj", "{FACA4653-EF90-48DC-8812-4273546E8554}"
EndProject
Project("{FAE04EC0-301F-11D3-BF4B-00C04F79EFBC}") = "studentlib", "studentlib\studentlib.csproj", "{44623C1A-B419-4410-B3B2-A5D7CDF9438B}"
EndProject
Global
	GlobalSection(SolutionConfigurationPlatforms) = preSolution
		Debug|Any CPU = Debug|Any CPU
		Release|Any CPU = Release|Any CPU
	EndGlobalSection
	GlobalSection(ProjectConfigurationPlatforms) = postSolution
		{FACA4653-EF90-48DC-8812-4273546E8554}.Debug|Any CPU.ActiveCfg = Debug|Any CPU
		{FACA4653-EF90-48DC-8812-4273546E8554}.Debug|Any CPU.Build.0 = Debug|Any CPU
		{FACA4653-EF90-48DC-8812-4273546E8554}.Release|Any CPU.ActiveCfg = Release|Any CPU
		{FACA4653-EF90-48DC-8812-4273546E8554}.Release|Any CPU.Build.0 = Release|Any CPU
		{44623C1A-B419-4410-B3B2-A5D7CDF9438B}.Debug|Any CPU.ActiveCfg = Debug|Any CPU
		{44623C1A-B419-4410-B3B2-A5D7CDF9438B}.Debug|Any CPU.Build.0 = Debug|Any CPU
		{44623C1A-B419-4410-B3B2-A5D7CDF9438B}.Release|Any CPU.ActiveCfg = Release|Any CPU
		{44623C1A-B419-4410-B3B2-A5D7CDF9438B}.Release|Any CPU.Build.0 = Release|Any CPU
	EndGlobalSection
	GlobalSection(SolutionProperties) = preSolution
		HideSolutionNode = FALSE
	EndGlobalSection
	GlobalSection(ExtensibilityGlobals) = postSolution
		SolutionGuid = {6989EFC5-5303-4073-99B7-D9BE8055E270}
	EndGlobalSection
EndGlobal
